
Microsoft Visual Studio Solution File, Format Version 12.00
# Visual Studio Version 16
VisualStudioVersion = 16.0.31702.278
MinimumVisualStudioVersion = 10.0.40219.1
Project("{FAE04EC0-301F-11D3-BF4B-00C04F79EFBC}") = "MemoryHack", "MemoryHack\MemoryHack.csproj", "{C2B0A486-7263-44E7-8860-2861BCE3B39C}"
EndProject
Global
	GlobalSection(SolutionConfigurationPlatforms) = preSolution
		Debug|Any CPU = Debug|Any CPU
		Release|Any CPU = Release|Any CPU
	EndGlobalSection
	GlobalSection(ProjectConfigurationPlatforms) = postSolution
		{C2B0A486-7263-44E7-8860-2861BCE3B39C}.Debug|Any CPU.ActiveCfg = Debug|Any CPU
		{C2B0A486-7263-44E7-8860-2861BCE3B39C}.Debug|Any CPU.Build.0 = Debug|Any CPU
		{C2B0A486-7263-44E7-8860-2861BCE3B39C}.Release|Any CPU.ActiveCfg = Release|Any CPU
		{C2B0A486-7263-44E7-8860-2861BCE3B39C}.Release|Any CPU.Build.0 = Release|Any CPU
	EndGlobalSection
	GlobalSection(SolutionProperties) = preSolution
		HideSolutionNode = FALSE
	EndGlobalSection
	GlobalSection(ExtensibilityGlobals) = postSolution
		SolutionGuid = {808F7D57-B39A-4806-9CA3-99ECEF414032}
	EndGlobalSection
EndGlobal
